
Microsoft Visual Studio Solution File, Format Version 12.00
# Visual Studio 15
VisualStudioVersion = 15.0.26430.16
MinimumVisualStudioVersion = 10.0.40219.1
Project("{FAE04EC0-301F-11D3-BF4B-00C04F79EFBC}") = "DB_SearchApp", "DB_SearchApp\DB_SearchApp.csproj", "{CDEC9C69-C33F-4F91-B6EC-46F361076610}"
EndProject
Global
	GlobalSection(SolutionConfigurationPlatforms) = preSolution
		Debug|Any CPU = Debug|Any CPU
		Release|Any CPU = Release|Any CPU
	EndGlobalSection
	GlobalSection(ProjectConfigurationPlatforms) = postSolution
		{CDEC9C69-C33F-4F91-B6EC-46F361076610}.Debug|Any CPU.ActiveCfg = Debug|Any CPU
		{CDEC9C69-C33F-4F91-B6EC-46F361076610}.Debug|Any CPU.Build.0 = Debug|Any CPU
		{CDEC9C69-C33F-4F91-B6EC-46F361076610}.Release|Any CPU.ActiveCfg = Release|Any CPU
		{CDEC9C69-C33F-4F91-B6EC-46F361076610}.Release|Any CPU.Build.0 = Release|Any CPU
	EndGlobalSection
	GlobalSection(SolutionProperties) = preSolution
		HideSolutionNode = FALSE
	EndGlobalSection
EndGlobal
